
Microsoft Visual Studio Solution File, Format Version 12.00
# Visual Studio Version 17
VisualStudioVersion = 17.14.36705.20
MinimumVisualStudioVersion = 10.0.40219.1
Project("{FAE04EC0-301F-11D3-BF4B-00C04F79EFBC}") = "MyRssClient", "MyRssClient\MyRssClient.csproj", "{A3EFAC81-6C8C-48AC-9E69-7A7287A3EC0C}"
EndProject
Global
	GlobalSection(SolutionConfigurationPlatforms) = preSolution
		Debug|Any CPU = Debug|Any CPU
		Release|Any CPU = Release|Any CPU
	EndGlobalSection
	GlobalSection(ProjectConfigurationPlatforms) = postSolution
		{A3EFAC81-6C8C-48AC-9E69-7A7287A3EC0C}.Debug|Any CPU.ActiveCfg = Debug|Any CPU
		{A3EFAC81-6C8C-48AC-9E69-7A7287A3EC0C}.Debug|Any CPU.Build.0 = Debug|Any CPU
		{A3EFAC81-6C8C-48AC-9E69-7A7287A3EC0C}.Release|Any CPU.ActiveCfg = Release|Any CPU
		{A3EFAC81-6C8C-48AC-9E69-7A7287A3EC0C}.Release|Any CPU.Build.0 = Release|Any CPU
	EndGlobalSection
	GlobalSection(SolutionProperties) = preSolution
		HideSolutionNode = FALSE
	EndGlobalSection
	GlobalSection(ExtensibilityGlobals) = postSolution
		SolutionGuid = {8BB2E97C-15AA-4032-9788-C8E27D3C0684}
	EndGlobalSection
EndGlobal
